github.com/google/uuid v1.3.0 h1:t6JiXgmwXMjEs8VusXIJk2BXHsn+wx8BZdTaoZ5fu7I=
github.com/google/uuid v1.3.0/go.mod h1:TIyPZe4MgqvfeYDBFedMoGGpEw/LqOeaOT+nhxU+yHo=
github.com/rabbitmq/amqp091-go v0.0.0-20210823000215-c428a6150891/go.mod h1:ogQDLSOACsLPsIq0NpbtiifNZi2YOz0VTJ0kHRghqbM=
github.com/rabbitmq/amqp091-go v1.2.0 h1:1pHBxAsQh54R9eX/xo679fUEAfv3loMqi0pvRFOj2nk=
github.com/rabbitmq/amqp091-go v1.2.0/go.mod h1:ogQDLSOACsLPsIq0NpbtiifNZi2YOz0VTJ0kHRghqbM=
github.com/wagslane/go-rabbitmq v0.7.0 h1:+hA/6oQbJdei2KfDprlDkaqy3fgzRp9IX0pIzICXwao=
github.com/wagslane/go-rabbitmq v0.7.0/go.mod h1:31ioXpWK5FVuCp7XTYa+kRxxX+RqYoXMJFRC59u35aA=
